
Microsoft Visual Studio Solution File, Format Version 12.00
# Visual Studio 14
VisualStudioVersion = 14.0.25420.1
MinimumVisualStudioVersion = 10.0.40219.1
Project("{FAE04EC0-301F-11D3-BF4B-00C04F79EFBC}") = "ClientTest", "ClientTest\ClientTest.csproj", "{54640864-9F8F-4DEC-BEF6-E6686F4F136D}"
EndProject
Project("{FAE04EC0-301F-11D3-BF4B-00C04F79EFBC}") = "LogTest", "LogTest\LogTest.csproj", "{3E22FD8F-3BC1-4314-B610-71EAEA7A9FC9}"
EndProject
Project("{FAE04EC0-301F-11D3-BF4B-00C04F79EFBC}") = "ServerTest", "ServerTest\ServerTest.csproj", "{4E7938F0-75E0-4F51-8E06-3E6F824AACBF}"
EndProject
Project("{FAE04EC0-301F-11D3-BF4B-00C04F79EFBC}") = "TCPLib", "TCPLib\TCPLib.csproj", "{F26FC12F-F3B3-49D2-94D0-C72FAB058DCA}"
EndProject
Project("{FAE04EC0-301F-11D3-BF4B-00C04F79EFBC}") = "SerialPortTest", "SerialPortTest\SerialPortTest.csproj", "{D49A8C4B-C87F-4D4B-8430-89423428CA13}"
EndProject
Project("{FAE04EC0-301F-11D3-BF4B-00C04F79EFBC}") = "SSHTest", "SSHTest\SSHTest.csproj", "{67E04B48-2EB9-4209-982D-81CB0D1FB49A}"
EndProject
Project("{FAE04EC0-301F-11D3-BF4B-00C04F79EFBC}") = "ChartControlTest", "ChartControlTest\ChartControlTest.csproj", "{1DA62C0E-0BBC-418B-99DE-2D72F74C52A6}"
EndProject
Project("{FAE04EC0-301F-11D3-BF4B-00C04F79EFBC}") = "FakerTest", "FakerTest\FakerTest.csproj", "{5631C2FB-86BC-4D1A-B078-7CAAD1102B82}"
EndProject
Project("{FAE04EC0-301F-11D3-BF4B-00C04F79EFBC}") = "八皇后", "八皇后\八皇后.csproj", "{EC9AF638-6E7B-486E-837D-85559C092643}"
EndProject
Project("{FAE04EC0-301F-11D3-BF4B-00C04F79EFBC}") = "Queen", "Queen\Queen.csproj", "{A8AA35D4-72C8-4708-936C-977127F19910}"
EndProject
Project("{FAE04EC0-301F-11D3-BF4B-00C04F79EFBC}") = "ExecelApp", "ExecelApp\ExecelApp.csproj", "{378CDEA9-FBC5-417D-BFD2-FECD190F17B4}"
EndProject
Project("{FAE04EC0-301F-11D3-BF4B-00C04F79EFBC}") = "NetMQTest", "NetMQTest\NetMQTest.csproj", "{1071B6A1-98CC-4F33-966D-420C62D70DDB}"
EndProject
Project("{FAE04EC0-301F-11D3-BF4B-00C04F79EFBC}") = "DockPanelControlTest", "DockPanelControlTest\DockPanelControlTest.csproj", "{F9AE8D3F-9AF0-4633-B3A7-FE5E09C51580}"
EndProject
Project("{FAE04EC0-301F-11D3-BF4B-00C04F79EFBC}") = "MouseTest", "MouseTest\MouseTest.csproj", "{DB78D2E0-49F7-43E8-96E1-87A39C2B7681}"
EndProject
Project("{FAE04EC0-301F-11D3-BF4B-00C04F79EFBC}") = "ProcessTest", "ProcessTest\ProcessTest.csproj", "{32CD9F22-2EB5-4E51-BB31-76571E266324}"
EndProject
Project("{FAE04EC0-301F-11D3-BF4B-00C04F79EFBC}") = "PlotTest", "PlotTest\PlotTest.csproj", "{95557C87-D26B-4257-8FD2-8053EB58B27E}"
EndProject
Project("{FAE04EC0-301F-11D3-BF4B-00C04F79EFBC}") = "正则表达式", "正则表达式\正则表达式.csproj", "{C7521D81-507C-46FD-B72A-2DEE10FDD7D4}"
EndProject
Project("{FAE04EC0-301F-11D3-BF4B-00C04F79EFBC}") = "OPencvTest", "OPencvTest\OPencvTest.csproj", "{CD266D33-462F-48DB-9721-47C03E6A4CD3}"
EndProject
Project("{FAE04EC0-301F-11D3-BF4B-00C04F79EFBC}") = "AlarmDoor", "AlarmDoor\AlarmDoor.csproj", "{9F0D850F-C50A-4682-B2FF-B778DA13416F}"
EndProject
Project("{FAE04EC0-301F-11D3-BF4B-00C04F79EFBC}") = "MutexTest", "MutexTest\MutexTest.csproj", "{AB5F6D8C-7247-411C-AE74-293170653053}"
EndProject
Project("{FAE04EC0-301F-11D3-BF4B-00C04F79EFBC}") = "BitPanel", "BitPanel\BitPanel.csproj", "{2D7AECD4-D95D-461A-B009-9234B4F0B992}"
EndProject
Project("{FAE04EC0-301F-11D3-BF4B-00C04F79EFBC}") = "声卡扫描测试", "声卡扫描测试\声卡扫描测试.csproj", "{B7DECAC5-2909-4A79-8641-646EB7E1A3B6}"
EndProject
Project("{FAE04EC0-301F-11D3-BF4B-00C04F79EFBC}") = "NetTool", "NetTool\NetTool.csproj", "{3A7CAD0D-DA0E-4A5D-A455-41E477576E51}"
EndProject
Project("{FAE04EC0-301F-11D3-BF4B-00C04F79EFBC}") = "DelegateTest", "DelegateTest\DelegateTest.csproj", "{2C886DA5-26A0-4410-9130-9C1732760787}"
EndProject
Global
	GlobalSection(SolutionConfigurationPlatforms) = preSolution
		Debug|Any CPU = Debug|Any CPU
		Release|Any CPU = Release|Any CPU
	EndGlobalSection
	GlobalSection(ProjectConfigurationPlatforms) = postSolution
		{54640864-9F8F-4DEC-BEF6-E6686F4F136D}.Debug|Any CPU.ActiveCfg = Debug|Any CPU
		{54640864-9F8F-4DEC-BEF6-E6686F4F136D}.Debug|Any CPU.Build.0 = Debug|Any CPU
		{54640864-9F8F-4DEC-BEF6-E6686F4F136D}.Release|Any CPU.ActiveCfg = Release|Any CPU
		{54640864-9F8F-4DEC-BEF6-E6686F4F136D}.Release|Any CPU.Build.0 = Release|Any CPU
		{3E22FD8F-3BC1-4314-B610-71EAEA7A9FC9}.Debug|Any CPU.ActiveCfg = Debug|Any CPU
		{3E22FD8F-3BC1-4314-B610-71EAEA7A9FC9}.Debug|Any CPU.Build.0 = Debug|Any CPU
		{3E22FD8F-3BC1-4314-B610-71EAEA7A9FC9}.Release|Any CPU.ActiveCfg = Release|Any CPU
		{3E22FD8F-3BC1-4314-B610-71EAEA7A9FC9}.Release|Any CPU.Build.0 = Release|Any CPU
		{4E7938F0-75E0-4F51-8E06-3E6F824AACBF}.Debug|Any CPU.ActiveCfg = Debug|Any CPU
		{4E7938F0-75E0-4F51-8E06-3E6F824AACBF}.Debug|Any CPU.Build.0 = Debug|Any CPU
		{4E7938F0-75E0-4F51-8E06-3E6F824AACBF}.Release|Any CPU.ActiveCfg = Release|Any CPU
		{4E7938F0-75E0-4F51-8E06-3E6F824AACBF}.Release|Any CPU.Build.0 = Release|Any CPU
		{F26FC12F-F3B3-49D2-94D0-C72FAB058DCA}.Debug|Any CPU.ActiveCfg = Debug|Any CPU
		{F26FC12F-F3B3-49D2-94D0-C72FAB058DCA}.Debug|Any CPU.Build.0 = Debug|Any CPU
		{F26FC12F-F3B3-49D2-94D0-C72FAB058DCA}.Release|Any CPU.ActiveCfg = Release|Any CPU
		{F26FC12F-F3B3-49D2-94D0-C72FAB058DCA}.Release|Any CPU.Build.0 = Release|Any CPU
		{D49A8C4B-C87F-4D4B-8430-89423428CA13}.Debug|Any CPU.ActiveCfg = Debug|Any CPU
		{D49A8C4B-C87F-4D4B-8430-89423428CA13}.Debug|Any CPU.Build.0 = Debug|Any CPU
		{D49A8C4B-C87F-4D4B-8430-89423428CA13}.Release|Any CPU.ActiveCfg = Release|Any CPU
		{D49A8C4B-C87F-4D4B-8430-89423428CA13}.Release|Any CPU.Build.0 = Release|Any CPU
		{67E04B48-2EB9-4209-982D-81CB0D1FB49A}.Debug|Any CPU.ActiveCfg = Debug|Any CPU
		{67E04B48-2EB9-4209-982D-81CB0D1FB49A}.Debug|Any CPU.Build.0 = Debug|Any CPU
		{67E04B48-2EB9-4209-982D-81CB0D1FB49A}.Release|Any CPU.ActiveCfg = Release|Any CPU
		{67E04B48-2EB9-4209-982D-81CB0D1FB49A}.Release|Any CPU.Build.0 = Release|Any CPU
		{1DA62C0E-0BBC-418B-99DE-2D72F74C52A6}.Debug|Any CPU.ActiveCfg = Debug|Any CPU
		{1DA62C0E-0BBC-418B-99DE-2D72F74C52A6}.Debug|Any CPU.Build.0 = Debug|Any CPU
		{1DA62C0E-0BBC-418B-99DE-2D72F74C52A6}.Release|Any CPU.ActiveCfg = Release|Any CPU
		{1DA62C0E-0BBC-418B-99DE-2D72F74C52A6}.Release|Any CPU.Build.0 = Release|Any CPU
		{5631C2FB-86BC-4D1A-B078-7CAAD1102B82}.Debug|Any CPU.ActiveCfg = Debug|Any CPU
		{5631C2FB-86BC-4D1A-B078-7CAAD1102B82}.Debug|Any CPU.Build.0 = Debug|Any CPU
		{5631C2FB-86BC-4D1A-B078-7CAAD1102B82}.Release|Any CPU.ActiveCfg = Release|Any CPU
		{5631C2FB-86BC-4D1A-B078-7CAAD1102B82}.Release|Any CPU.Build.0 = Release|Any CPU
		{EC9AF638-6E7B-486E-837D-85559C092643}.Debug|Any CPU.ActiveCfg = Debug|Any CPU
		{EC9AF638-6E7B-486E-837D-85559C092643}.Debug|Any CPU.Build.0 = Debug|Any CPU
		{EC9AF638-6E7B-486E-837D-85559C092643}.Release|Any CPU.ActiveCfg = Release|Any CPU
		{EC9AF638-6E7B-486E-837D-85559C092643}.Release|Any CPU.Build.0 = Release|Any CPU
		{A8AA35D4-72C8-4708-936C-977127F19910}.Debug|Any CPU.ActiveCfg = Debug|Any CPU
		{A8AA35D4-72C8-4708-936C-977127F19910}.Debug|Any CPU.Build.0 = Debug|Any CPU
		{A8AA35D4-72C8-4708-936C-977127F19910}.Release|Any CPU.ActiveCfg = Release|Any CPU
		{A8AA35D4-72C8-4708-936C-977127F19910}.Release|Any CPU.Build.0 = Release|Any CPU
		{378CDEA9-FBC5-417D-BFD2-FECD190F17B4}.Debug|Any CPU.ActiveCfg = Debug|Any CPU
		{378CDEA9-FBC5-417D-BFD2-FECD190F17B4}.Debug|Any CPU.Build.0 = Debug|Any CPU
		{378CDEA9-FBC5-417D-BFD2-FECD190F17B4}.Release|Any CPU.ActiveCfg = Release|Any CPU
		{378CDEA9-FBC5-417D-BFD2-FECD190F17B4}.Release|Any CPU.Build.0 = Release|Any CPU
		{1071B6A1-98CC-4F33-966D-420C62D70DDB}.Debug|Any CPU.ActiveCfg = Debug|Any CPU
		{1071B6A1-98CC-4F33-966D-420C62D70DDB}.Debug|Any CPU.Build.0 = Debug|Any CPU
		{1071B6A1-98CC-4F33-966D-420C62D70DDB}.Release|Any CPU.ActiveCfg = Release|Any CPU
		{1071B6A1-98CC-4F33-966D-420C62D70DDB}.Release|Any CPU.Build.0 = Release|Any CPU
		{F9AE8D3F-9AF0-4633-B3A7-FE5E09C51580}.Debug|Any CPU.ActiveCfg = Debug|Any CPU
		{F9AE8D3F-9AF0-4633-B3A7-FE5E09C51580}.Debug|Any CPU.Build.0 = Debug|Any CPU
		{F9AE8D3F-9AF0-4633-B3A7-FE5E09C51580}.Release|Any CPU.ActiveCfg = Release|Any CPU
		{F9AE8D3F-9AF0-4633-B3A7-FE5E09C51580}.Release|Any CPU.Build.0 = Release|Any CPU
		{DB78D2E0-49F7-43E8-96E1-87A39C2B7681}.Debug|Any CPU.ActiveCfg = Debug|Any CPU
		{DB78D2E0-49F7-43E8-96E1-87A39C2B7681}.Debug|Any CPU.Build.0 = Debug|Any CPU
		{DB78D2E0-49F7-43E8-96E1-87A39C2B7681}.Release|Any CPU.ActiveCfg = Release|Any CPU
		{DB78D2E0-49F7-43E8-96E1-87A39C2B7681}.Release|Any CPU.Build.0 = Release|Any CPU
		{32CD9F22-2EB5-4E51-BB31-76571E266324}.Debug|Any CPU.ActiveCfg = Debug|Any CPU
		{32CD9F22-2EB5-4E51-BB31-76571E266324}.Debug|Any CPU.Build.0 = Debug|Any CPU
		{32CD9F22-2EB5-4E51-BB31-76571E266324}.Release|Any CPU.ActiveCfg = Release|Any CPU
		{32CD9F22-2EB5-4E51-BB31-76571E266324}.Release|Any CPU.Build.0 = Release|Any CPU
		{95557C87-D26B-4257-8FD2-8053EB58B27E}.Debug|Any CPU.ActiveCfg = Debug|Any CPU
		{95557C87-D26B-4257-8FD2-8053EB58B27E}.Debug|Any CPU.Build.0 = Debug|Any CPU
		{95557C87-D26B-4257-8FD2-8053EB58B27E}.Release|Any CPU.ActiveCfg = Release|Any CPU
		{95557C87-D26B-4257-8FD2-8053EB58B27E}.Release|Any CPU.Build.0 = Release|Any CPU
		{C7521D81-507C-46FD-B72A-2DEE10FDD7D4}.Debug|Any CPU.ActiveCfg = Debug|Any CPU
		{C7521D81-507C-46FD-B72A-2DEE10FDD7D4}.Debug|Any CPU.Build.0 = Debug|Any CPU
		{C7521D81-507C-46FD-B72A-2DEE10FDD7D4}.Release|Any CPU.ActiveCfg = Release|Any CPU
		{C7521D81-507C-46FD-B72A-2DEE10FDD7D4}.Release|Any CPU.Build.0 = Release|Any CPU
		{CD266D33-462F-48DB-9721-47C03E6A4CD3}.Debug|Any CPU.ActiveCfg = Debug|Any CPU
		{CD266D33-462F-48DB-9721-47C03E6A4CD3}.Debug|Any CPU.Build.0 = Debug|Any CPU
		{CD266D33-462F-48DB-9721-47C03E6A4CD3}.Release|Any CPU.ActiveCfg = Release|Any CPU
		{CD266D33-462F-48DB-9721-47C03E6A4CD3}.Release|Any CPU.Build.0 = Release|Any CPU
		{9F0D850F-C50A-4682-B2FF-B778DA13416F}.Debug|Any CPU.ActiveCfg = Debug|Any CPU
		{9F0D850F-C50A-4682-B2FF-B778DA13416F}.Debug|Any CPU.Build.0 = Debug|Any CPU
		{9F0D850F-C50A-4682-B2FF-B778DA13416F}.Release|Any CPU.ActiveCfg = Release|Any CPU
		{9F0D850F-C50A-4682-B2FF-B778DA13416F}.Release|Any CPU.Build.0 = Release|Any CPU
		{AB5F6D8C-7247-411C-AE74-293170653053}.Debug|Any CPU.ActiveCfg = Debug|Any CPU
		{AB5F6D8C-7247-411C-AE74-293170653053}.Debug|Any CPU.Build.0 = Debug|Any CPU
		{AB5F6D8C-7247-411C-AE74-293170653053}.Release|Any CPU.ActiveCfg = Release|Any CPU
		{AB5F6D8C-7247-411C-AE74-293170653053}.Release|Any CPU.Build.0 = Release|Any CPU
		{2D7AECD4-D95D-461A-B009-9234B4F0B992}.Debug|Any CPU.ActiveCfg = Debug|Any CPU
		{2D7AECD4-D95D-461A-B009-9234B4F0B992}.Debug|Any CPU.Build.0 = Debug|Any CPU
		{2D7AECD4-D95D-461A-B009-9234B4F0B992}.Release|Any CPU.ActiveCfg = Release|Any CPU
		{2D7AECD4-D95D-461A-B009-9234B4F0B992}.Release|Any CPU.Build.0 = Release|Any CPU
		{B7DECAC5-2909-4A79-8641-646EB7E1A3B6}.Debug|Any CPU.ActiveCfg = Debug|Any CPU
		{B7DECAC5-2909-4A79-8641-646EB7E1A3B6}.Debug|Any CPU.Build.0 = Debug|Any CPU
		{B7DECAC5-2909-4A79-8641-646EB7E1A3B6}.Release|Any CPU.ActiveCfg = Release|Any CPU
		{B7DECAC5-2909-4A79-8641-646EB7E1A3B6}.Release|Any CPU.Build.0 = Release|Any CPU
		{3A7CAD0D-DA0E-4A5D-A455-41E477576E51}.Debug|Any CPU.ActiveCfg = Debug|Any CPU
		{3A7CAD0D-DA0E-4A5D-A455-41E477576E51}.Debug|Any CPU.Build.0 = Debug|Any CPU
		{3A7CAD0D-DA0E-4A5D-A455-41E477576E51}.Release|Any CPU.ActiveCfg = Release|Any CPU
		{3A7CAD0D-DA0E-4A5D-A455-41E477576E51}.Release|Any CPU.Build.0 = Release|Any CPU
		{2C886DA5-26A0-4410-9130-9C1732760787}.Debug|Any CPU.ActiveCfg = Debug|Any CPU
		{2C886DA5-26A0-4410-9130-9C1732760787}.Debug|Any CPU.Build.0 = Debug|Any CPU
		{2C886DA5-26A0-4410-9130-9C1732760787}.Release|Any CPU.ActiveCfg = Release|Any CPU
		{2C886DA5-26A0-4410-9130-9C1732760787}.Release|Any CPU.Build.0 = Release|Any CPU
	EndGlobalSection
	GlobalSection(SolutionProperties) = preSolution
		HideSolutionNode = FALSE
	EndGlobalSection
EndGlobal
