
Microsoft Visual Studio Solution File, Format Version 12.00
# Visual Studio 15
VisualStudioVersion = 15.0.28307.779
MinimumVisualStudioVersion = 10.0.40219.1
Project("{FAE04EC0-301F-11D3-BF4B-00C04F79EFBC}") = "LogLib", "LogLibYY\LogLib.csproj", "{1085BF3B-50F6-42AF-8449-6981D301F5F9}"
EndProject
Project("{FAE04EC0-301F-11D3-BF4B-00C04F79EFBC}") = "TCPClient", "TCPClient\TCPClient.csproj", "{8FC423A9-9706-416C-A092-3409B6DC8795}"
EndProject
Project("{FAE04EC0-301F-11D3-BF4B-00C04F79EFBC}") = "TCPServer", "TCPServer\TCPServer.csproj", "{B006DE8F-58DA-4882-A10E-1925329F7E6A}"
EndProject
Project("{FAE04EC0-301F-11D3-BF4B-00C04F79EFBC}") = "MSerialPort", "MSerialPort\MSerialPort.csproj", "{94691BA1-8411-4FD5-8B98-4698729EA3F8}"
EndProject
Project("{FAE04EC0-301F-11D3-BF4B-00C04F79EFBC}") = "FakerLib", "FakerLib\FakerLib.csproj", "{F4E27022-496C-48E5-8986-F68355C2ECB3}"
EndProject
Project("{FAE04EC0-301F-11D3-BF4B-00C04F79EFBC}") = "MyZMQ", "MyZMQ\MyZMQ.csproj", "{5DE3D7BC-14D6-4EB9-8759-5C76EE34BE8E}"
EndProject
Project("{FAE04EC0-301F-11D3-BF4B-00C04F79EFBC}") = "MNetMQ", "MyNetMQ\MNetMQ.csproj", "{AE46B407-8E85-4E6C-8284-B209B2475A30}"
EndProject
Project("{FAE04EC0-301F-11D3-BF4B-00C04F79EFBC}") = "GlobalHook", "GlobalHook\GlobalHook\GlobalHook.csproj", "{D68450C7-386F-47C5-97A9-2AC978EF54CD}"
EndProject
Project("{FAE04EC0-301F-11D3-BF4B-00C04F79EFBC}") = "MMouseEvent", "MMouseTest\MMouseEvent.csproj", "{45E6CCBA-5FB0-4455-8012-29F0391B48C0}"
EndProject
Project("{FAE04EC0-301F-11D3-BF4B-00C04F79EFBC}") = "CommonLibs", "CommonLibs\CommonLibs.csproj", "{B8B5C5BB-7FEF-4EB4-A297-1DFA53332FFE}"
EndProject
Project("{FAE04EC0-301F-11D3-BF4B-00C04F79EFBC}") = "AutoGenetateEntity", "AutoGenetateEntity\AutoGenetateEntity.csproj", "{4F4EEA37-00EA-4086-9473-A1B439E808A1}"
EndProject
Global
	GlobalSection(SolutionConfigurationPlatforms) = preSolution
		Debug|Any CPU = Debug|Any CPU
		Debug|x86 = Debug|x86
		Release|Any CPU = Release|Any CPU
		Release|x86 = Release|x86
	EndGlobalSection
	GlobalSection(ProjectConfigurationPlatforms) = postSolution
		{1085BF3B-50F6-42AF-8449-6981D301F5F9}.Debug|Any CPU.ActiveCfg = Debug|Any CPU
		{1085BF3B-50F6-42AF-8449-6981D301F5F9}.Debug|Any CPU.Build.0 = Debug|Any CPU
		{1085BF3B-50F6-42AF-8449-6981D301F5F9}.Debug|x86.ActiveCfg = Debug|Any CPU
		{1085BF3B-50F6-42AF-8449-6981D301F5F9}.Debug|x86.Build.0 = Debug|Any CPU
		{1085BF3B-50F6-42AF-8449-6981D301F5F9}.Release|Any CPU.ActiveCfg = Release|Any CPU
		{1085BF3B-50F6-42AF-8449-6981D301F5F9}.Release|Any CPU.Build.0 = Release|Any CPU
		{1085BF3B-50F6-42AF-8449-6981D301F5F9}.Release|x86.ActiveCfg = Release|Any CPU
		{1085BF3B-50F6-42AF-8449-6981D301F5F9}.Release|x86.Build.0 = Release|Any CPU
		{8FC423A9-9706-416C-A092-3409B6DC8795}.Debug|Any CPU.ActiveCfg = Debug|Any CPU
		{8FC423A9-9706-416C-A092-3409B6DC8795}.Debug|Any CPU.Build.0 = Debug|Any CPU
		{8FC423A9-9706-416C-A092-3409B6DC8795}.Debug|x86.ActiveCfg = Debug|Any CPU
		{8FC423A9-9706-416C-A092-3409B6DC8795}.Debug|x86.Build.0 = Debug|Any CPU
		{8FC423A9-9706-416C-A092-3409B6DC8795}.Release|Any CPU.ActiveCfg = Release|Any CPU
		{8FC423A9-9706-416C-A092-3409B6DC8795}.Release|Any CPU.Build.0 = Release|Any CPU
		{8FC423A9-9706-416C-A092-3409B6DC8795}.Release|x86.ActiveCfg = Release|Any CPU
		{8FC423A9-9706-416C-A092-3409B6DC8795}.Release|x86.Build.0 = Release|Any CPU
		{B006DE8F-58DA-4882-A10E-1925329F7E6A}.Debug|Any CPU.ActiveCfg = Debug|Any CPU
		{B006DE8F-58DA-4882-A10E-1925329F7E6A}.Debug|Any CPU.Build.0 = Debug|Any CPU
		{B006DE8F-58DA-4882-A10E-1925329F7E6A}.Debug|x86.ActiveCfg = Debug|Any CPU
		{B006DE8F-58DA-4882-A10E-1925329F7E6A}.Debug|x86.Build.0 = Debug|Any CPU
		{B006DE8F-58DA-4882-A10E-1925329F7E6A}.Release|Any CPU.ActiveCfg = Release|Any CPU
		{B006DE8F-58DA-4882-A10E-1925329F7E6A}.Release|Any CPU.Build.0 = Release|Any CPU
		{B006DE8F-58DA-4882-A10E-1925329F7E6A}.Release|x86.ActiveCfg = Release|Any CPU
		{B006DE8F-58DA-4882-A10E-1925329F7E6A}.Release|x86.Build.0 = Release|Any CPU
		{94691BA1-8411-4FD5-8B98-4698729EA3F8}.Debug|Any CPU.ActiveCfg = Debug|Any CPU
		{94691BA1-8411-4FD5-8B98-4698729EA3F8}.Debug|Any CPU.Build.0 = Debug|Any CPU
		{94691BA1-8411-4FD5-8B98-4698729EA3F8}.Debug|x86.ActiveCfg = Debug|Any CPU
		{94691BA1-8411-4FD5-8B98-4698729EA3F8}.Debug|x86.Build.0 = Debug|Any CPU
		{94691BA1-8411-4FD5-8B98-4698729EA3F8}.Release|Any CPU.ActiveCfg = Release|Any CPU
		{94691BA1-8411-4FD5-8B98-4698729EA3F8}.Release|Any CPU.Build.0 = Release|Any CPU
		{94691BA1-8411-4FD5-8B98-4698729EA3F8}.Release|x86.ActiveCfg = Release|Any CPU
		{94691BA1-8411-4FD5-8B98-4698729EA3F8}.Release|x86.Build.0 = Release|Any CPU
		{F4E27022-496C-48E5-8986-F68355C2ECB3}.Debug|Any CPU.ActiveCfg = Debug|Any CPU
		{F4E27022-496C-48E5-8986-F68355C2ECB3}.Debug|Any CPU.Build.0 = Debug|Any CPU
		{F4E27022-496C-48E5-8986-F68355C2ECB3}.Debug|x86.ActiveCfg = Debug|Any CPU
		{F4E27022-496C-48E5-8986-F68355C2ECB3}.Debug|x86.Build.0 = Debug|Any CPU
		{F4E27022-496C-48E5-8986-F68355C2ECB3}.Release|Any CPU.ActiveCfg = Release|Any CPU
		{F4E27022-496C-48E5-8986-F68355C2ECB3}.Release|Any CPU.Build.0 = Release|Any CPU
		{F4E27022-496C-48E5-8986-F68355C2ECB3}.Release|x86.ActiveCfg = Release|Any CPU
		{F4E27022-496C-48E5-8986-F68355C2ECB3}.Release|x86.Build.0 = Release|Any CPU
		{5DE3D7BC-14D6-4EB9-8759-5C76EE34BE8E}.Debug|Any CPU.ActiveCfg = Debug|Any CPU
		{5DE3D7BC-14D6-4EB9-8759-5C76EE34BE8E}.Debug|Any CPU.Build.0 = Debug|Any CPU
		{5DE3D7BC-14D6-4EB9-8759-5C76EE34BE8E}.Debug|x86.ActiveCfg = Debug|Any CPU
		{5DE3D7BC-14D6-4EB9-8759-5C76EE34BE8E}.Debug|x86.Build.0 = Debug|Any CPU
		{5DE3D7BC-14D6-4EB9-8759-5C76EE34BE8E}.Release|Any CPU.ActiveCfg = Release|Any CPU
		{5DE3D7BC-14D6-4EB9-8759-5C76EE34BE8E}.Release|Any CPU.Build.0 = Release|Any CPU
		{5DE3D7BC-14D6-4EB9-8759-5C76EE34BE8E}.Release|x86.ActiveCfg = Release|Any CPU
		{5DE3D7BC-14D6-4EB9-8759-5C76EE34BE8E}.Release|x86.Build.0 = Release|Any CPU
		{AE46B407-8E85-4E6C-8284-B209B2475A30}.Debug|Any CPU.ActiveCfg = Debug|Any CPU
		{AE46B407-8E85-4E6C-8284-B209B2475A30}.Debug|Any CPU.Build.0 = Debug|Any CPU
		{AE46B407-8E85-4E6C-8284-B209B2475A30}.Debug|x86.ActiveCfg = Debug|Any CPU
		{AE46B407-8E85-4E6C-8284-B209B2475A30}.Debug|x86.Build.0 = Debug|Any CPU
		{AE46B407-8E85-4E6C-8284-B209B2475A30}.Release|Any CPU.ActiveCfg = Release|Any CPU
		{AE46B407-8E85-4E6C-8284-B209B2475A30}.Release|Any CPU.Build.0 = Release|Any CPU
		{AE46B407-8E85-4E6C-8284-B209B2475A30}.Release|x86.ActiveCfg = Release|Any CPU
		{AE46B407-8E85-4E6C-8284-B209B2475A30}.Release|x86.Build.0 = Release|Any CPU
		{D68450C7-386F-47C5-97A9-2AC978EF54CD}.Debug|Any CPU.ActiveCfg = Debug|x86
		{D68450C7-386F-47C5-97A9-2AC978EF54CD}.Debug|x86.ActiveCfg = Debug|x86
		{D68450C7-386F-47C5-97A9-2AC978EF54CD}.Debug|x86.Build.0 = Debug|x86
		{D68450C7-386F-47C5-97A9-2AC978EF54CD}.Release|Any CPU.ActiveCfg = Release|x86
		{D68450C7-386F-47C5-97A9-2AC978EF54CD}.Release|x86.ActiveCfg = Release|x86
		{D68450C7-386F-47C5-97A9-2AC978EF54CD}.Release|x86.Build.0 = Release|x86
		{45E6CCBA-5FB0-4455-8012-29F0391B48C0}.Debug|Any CPU.ActiveCfg = Debug|Any CPU
		{45E6CCBA-5FB0-4455-8012-29F0391B48C0}.Debug|Any CPU.Build.0 = Debug|Any CPU
		{45E6CCBA-5FB0-4455-8012-29F0391B48C0}.Debug|x86.ActiveCfg = Debug|Any CPU
		{45E6CCBA-5FB0-4455-8012-29F0391B48C0}.Debug|x86.Build.0 = Debug|Any CPU
		{45E6CCBA-5FB0-4455-8012-29F0391B48C0}.Release|Any CPU.ActiveCfg = Release|Any CPU
		{45E6CCBA-5FB0-4455-8012-29F0391B48C0}.Release|Any CPU.Build.0 = Release|Any CPU
		{45E6CCBA-5FB0-4455-8012-29F0391B48C0}.Release|x86.ActiveCfg = Release|Any CPU
		{45E6CCBA-5FB0-4455-8012-29F0391B48C0}.Release|x86.Build.0 = Release|Any CPU
		{B8B5C5BB-7FEF-4EB4-A297-1DFA53332FFE}.Debug|Any CPU.ActiveCfg = Debug|Any CPU
		{B8B5C5BB-7FEF-4EB4-A297-1DFA53332FFE}.Debug|Any CPU.Build.0 = Debug|Any CPU
		{B8B5C5BB-7FEF-4EB4-A297-1DFA53332FFE}.Debug|x86.ActiveCfg = Debug|Any CPU
		{B8B5C5BB-7FEF-4EB4-A297-1DFA53332FFE}.Debug|x86.Build.0 = Debug|Any CPU
		{B8B5C5BB-7FEF-4EB4-A297-1DFA53332FFE}.Release|Any CPU.ActiveCfg = Release|Any CPU
		{B8B5C5BB-7FEF-4EB4-A297-1DFA53332FFE}.Release|Any CPU.Build.0 = Release|Any CPU
		{B8B5C5BB-7FEF-4EB4-A297-1DFA53332FFE}.Release|x86.ActiveCfg = Release|Any CPU
		{B8B5C5BB-7FEF-4EB4-A297-1DFA53332FFE}.Release|x86.Build.0 = Release|Any CPU
		{4F4EEA37-00EA-4086-9473-A1B439E808A1}.Debug|Any CPU.ActiveCfg = Debug|Any CPU
		{4F4EEA37-00EA-4086-9473-A1B439E808A1}.Debug|Any CPU.Build.0 = Debug|Any CPU
		{4F4EEA37-00EA-4086-9473-A1B439E808A1}.Debug|x86.ActiveCfg = Debug|Any CPU
		{4F4EEA37-00EA-4086-9473-A1B439E808A1}.Debug|x86.Build.0 = Debug|Any CPU
		{4F4EEA37-00EA-4086-9473-A1B439E808A1}.Release|Any CPU.ActiveCfg = Release|Any CPU
		{4F4EEA37-00EA-4086-9473-A1B439E808A1}.Release|Any CPU.Build.0 = Release|Any CPU
		{4F4EEA37-00EA-4086-9473-A1B439E808A1}.Release|x86.ActiveCfg = Release|Any CPU
		{4F4EEA37-00EA-4086-9473-A1B439E808A1}.Release|x86.Build.0 = Release|Any CPU
	EndGlobalSection
	GlobalSection(SolutionProperties) = preSolution
		HideSolutionNode = FALSE
	EndGlobalSection
	GlobalSection(ExtensibilityGlobals) = postSolution
		SolutionGuid = {399D6959-ADAA-408E-AF6B-855FAC243C1E}
	EndGlobalSection
EndGlobal
