
Microsoft Visual Studio Solution File, Format Version 12.00
# Visual Studio 15
VisualStudioVersion = 15.0.28307.779
MinimumVisualStudioVersion = 10.0.40219.1
Project("{FAE04EC0-301F-11D3-BF4B-00C04F79EFBC}") = "ExpressTreeTest", "ExpressTreeTest\ExpressTreeTest.csproj", "{EBE5526E-7791-4798-B182-DE3B838808C8}"
EndProject
Global
	GlobalSection(SolutionConfigurationPlatforms) = preSolution
		Debug|Any CPU = Debug|Any CPU
		Release|Any CPU = Release|Any CPU
	EndGlobalSection
	GlobalSection(ProjectConfigurationPlatforms) = postSolution
		{EBE5526E-7791-4798-B182-DE3B838808C8}.Debug|Any CPU.ActiveCfg = Debug|Any CPU
		{EBE5526E-7791-4798-B182-DE3B838808C8}.Debug|Any CPU.Build.0 = Debug|Any CPU
		{EBE5526E-7791-4798-B182-DE3B838808C8}.Release|Any CPU.ActiveCfg = Release|Any CPU
		{EBE5526E-7791-4798-B182-DE3B838808C8}.Release|Any CPU.Build.0 = Release|Any CPU
	EndGlobalSection
	GlobalSection(SolutionProperties) = preSolution
		HideSolutionNode = FALSE
	EndGlobalSection
	GlobalSection(ExtensibilityGlobals) = postSolution
		SolutionGuid = {1D4EFFC7-0119-4F86-8C62-D7B4B6F5192C}
	EndGlobalSection
EndGlobal
