
Microsoft Visual Studio Solution File, Format Version 12.00
# Visual Studio Version 16
VisualStudioVersion = 16.0.29609.76
MinimumVisualStudioVersion = 10.0.40219.1
Project("{FAE04EC0-301F-11D3-BF4B-00C04F79EFBC}") = "YY.EF_Test", "YY.EF_Test\YY.EF_Test.csproj", "{205B8C70-1249-4FA8-8BA6-29809972CA5C}"
EndProject
Project("{FAE04EC0-301F-11D3-BF4B-00C04F79EFBC}") = "YY.EF.Model", "YY.EF.Model\YY.EF.Model.csproj", "{42CE28FE-EFE7-4E9E-8FB2-B1E0962EEB0F}"
EndProject
Project("{FAE04EC0-301F-11D3-BF4B-00C04F79EFBC}") = "YY.EF.Interface", "YY.EF.Interface\YY.EF.Interface.csproj", "{42B6812C-6563-44B3-8828-25DF12A0A656}"
EndProject
Project("{FAE04EC0-301F-11D3-BF4B-00C04F79EFBC}") = "YY.EF.Service", "YY.EF.Service\YY.EF.Service.csproj", "{B87699BE-F84F-4931-9508-ACC75ABF5008}"
EndProject
Project("{FAE04EC0-301F-11D3-BF4B-00C04F79EFBC}") = "YY.EF.Framework", "YY.EF.Framework\YY.EF.Framework.csproj", "{F93830CD-A98D-461D-94FC-1D6550E41FE1}"
EndProject
Global
	GlobalSection(SolutionConfigurationPlatforms) = preSolution
		Debug|Any CPU = Debug|Any CPU
		Release|Any CPU = Release|Any CPU
	EndGlobalSection
	GlobalSection(ProjectConfigurationPlatforms) = postSolution
		{205B8C70-1249-4FA8-8BA6-29809972CA5C}.Debug|Any CPU.ActiveCfg = Debug|Any CPU
		{205B8C70-1249-4FA8-8BA6-29809972CA5C}.Debug|Any CPU.Build.0 = Debug|Any CPU
		{205B8C70-1249-4FA8-8BA6-29809972CA5C}.Release|Any CPU.ActiveCfg = Release|Any CPU
		{205B8C70-1249-4FA8-8BA6-29809972CA5C}.Release|Any CPU.Build.0 = Release|Any CPU
		{42CE28FE-EFE7-4E9E-8FB2-B1E0962EEB0F}.Debug|Any CPU.ActiveCfg = Debug|Any CPU
		{42CE28FE-EFE7-4E9E-8FB2-B1E0962EEB0F}.Debug|Any CPU.Build.0 = Debug|Any CPU
		{42CE28FE-EFE7-4E9E-8FB2-B1E0962EEB0F}.Release|Any CPU.ActiveCfg = Release|Any CPU
		{42CE28FE-EFE7-4E9E-8FB2-B1E0962EEB0F}.Release|Any CPU.Build.0 = Release|Any CPU
		{42B6812C-6563-44B3-8828-25DF12A0A656}.Debug|Any CPU.ActiveCfg = Debug|Any CPU
		{42B6812C-6563-44B3-8828-25DF12A0A656}.Debug|Any CPU.Build.0 = Debug|Any CPU
		{42B6812C-6563-44B3-8828-25DF12A0A656}.Release|Any CPU.ActiveCfg = Release|Any CPU
		{42B6812C-6563-44B3-8828-25DF12A0A656}.Release|Any CPU.Build.0 = Release|Any CPU
		{B87699BE-F84F-4931-9508-ACC75ABF5008}.Debug|Any CPU.ActiveCfg = Debug|Any CPU
		{B87699BE-F84F-4931-9508-ACC75ABF5008}.Debug|Any CPU.Build.0 = Debug|Any CPU
		{B87699BE-F84F-4931-9508-ACC75ABF5008}.Release|Any CPU.ActiveCfg = Release|Any CPU
		{B87699BE-F84F-4931-9508-ACC75ABF5008}.Release|Any CPU.Build.0 = Release|Any CPU
		{F93830CD-A98D-461D-94FC-1D6550E41FE1}.Debug|Any CPU.ActiveCfg = Debug|Any CPU
		{F93830CD-A98D-461D-94FC-1D6550E41FE1}.Debug|Any CPU.Build.0 = Debug|Any CPU
		{F93830CD-A98D-461D-94FC-1D6550E41FE1}.Release|Any CPU.ActiveCfg = Release|Any CPU
		{F93830CD-A98D-461D-94FC-1D6550E41FE1}.Release|Any CPU.Build.0 = Release|Any CPU
	EndGlobalSection
	GlobalSection(SolutionProperties) = preSolution
		HideSolutionNode = FALSE
	EndGlobalSection
	GlobalSection(ExtensibilityGlobals) = postSolution
		SolutionGuid = {F75E1BE4-D909-412F-AEEA-E173B91077D0}
	EndGlobalSection
EndGlobal
